{
  "originHash" : "d063ffa9d548c234a1e56488f3423739093593ee9747184226f133cf5448f1c2",
  "pins" : [
    {
      "identity" : "alamofire",
      "kind" : "remoteSourceControl",
      "location" : "https://github.com/Alamofire/Alamofire.git",
      "state" : {
        "revision" : "f455c2975872ccd2d9c81594c658af65716e9b9a",
        "version" : "5.9.1"
      }
    },
    {
      "identity" : "ini",
      "kind" : "remoteSourceControl",
      "location" : "https://github.com/bouke/ini.git",
      "state" : {
        "revision" : "60b7887c6f4051e5cb76b5faa0a7d6db510ddcb0",
        "version" : "1.2.0"
      }
    }
  ],
  "version" : 2
}
