// !$*UTF8*$!
{
	archiveVersion = 1;
	classes = {
	};
	objectVersion = 77;
	objects = {

/* Begin PBXBuildFile section */
		04754D392DE0A6720081D270 /* NotiServiceExtension.appex in Embed Foundation Extensions */ = {isa = PBXBuildFile; fileRef = 04754D312DE0A6720081D270 /* NotiServiceExtension.appex */; settings = {ATTRIBUTES = (RemoveHeadersOnCopy, ); }; };
		04754D432DE0A6B80081D270 /* RationalOwl.framework in Frameworks */ = {isa = PBXBuildFile; fileRef = 04754D3F2DE0A68D0081D270 /* RationalOwl.framework */; };
		04754D442DE0A6B80081D270 /* RationalOwl.framework in Embed Frameworks */ = {isa = PBXBuildFile; fileRef = 04754D3F2DE0A68D0081D270 /* RationalOwl.framework */; settings = {ATTRIBUTES = (CodeSignOnCopy, RemoveHeadersOnCopy, ); }; };
		04754D472DE0A6FC0081D270 /* UserNotifications.framework in Frameworks */ = {isa = PBXBuildFile; fileRef = 04754D462DE0A6FC0081D270 /* UserNotifications.framework */; };
		04754D482DE0A7220081D270 /* RationalOwl.framework in Frameworks */ = {isa = PBXBuildFile; fileRef = 04754D3F2DE0A68D0081D270 /* RationalOwl.framework */; };
/* End PBXBuildFile section */

/* Begin PBXContainerItemProxy section */
		04754D372DE0A6720081D270 /* PBXContainerItemProxy */ = {
			isa = PBXContainerItemProxy;
			containerPortal = 04754D082DE0A5250081D270 /* Project object */;
			proxyType = 1;
			remoteGlobalIDString = 04754D302DE0A6720081D270;
			remoteInfo = NotiServiceExtension;
		};
/* End PBXContainerItemProxy section */

/* Begin PBXCopyFilesBuildPhase section */
		04754D3E2DE0A6720081D270 /* Embed Foundation Extensions */ = {
			isa = PBXCopyFilesBuildPhase;
			buildActionMask = 2147483647;
			dstPath = "";
			dstSubfolderSpec = 13;
			files = (
				04754D392DE0A6720081D270 /* NotiServiceExtension.appex in Embed Foundation Extensions */,
			);
			name = "Embed Foundation Extensions";
			runOnlyForDeploymentPostprocessing = 0;
		};
		04754D452DE0A6B80081D270 /* Embed Frameworks */ = {
			isa = PBXCopyFilesBuildPhase;
			buildActionMask = 2147483647;
			dstPath = "";
			dstSubfolderSpec = 10;
			files = (
				04754D442DE0A6B80081D270 /* RationalOwl.framework in Embed Frameworks */,
			);
			name = "Embed Frameworks";
			runOnlyForDeploymentPostprocessing = 0;
		};
/* End PBXCopyFilesBuildPhase section */

/* Begin PBXFileReference section */
		04754D102DE0A5250081D270 /* hello.app */ = {isa = PBXFileReference; explicitFileType = wrapper.application; includeInIndex = 0; path = hello.app; sourceTree = BUILT_PRODUCTS_DIR; };
		04754D312DE0A6720081D270 /* NotiServiceExtension.appex */ = {isa = PBXFileReference; explicitFileType = "wrapper.app-extension"; includeInIndex = 0; path = NotiServiceExtension.appex; sourceTree = BUILT_PRODUCTS_DIR; };
		04754D3F2DE0A68D0081D270 /* RationalOwl.framework */ = {isa = PBXFileReference; lastKnownFileType = wrapper.framework; path = RationalOwl.framework; sourceTree = "<group>"; };
		04754D462DE0A6FC0081D270 /* UserNotifications.framework */ = {isa = PBXFileReference; lastKnownFileType = wrapper.framework; name = UserNotifications.framework; path = System/Library/Frameworks/UserNotifications.framework; sourceTree = SDKROOT; };
/* End PBXFileReference section */

/* Begin PBXFileSystemSynchronizedBuildFileExceptionSet section */
		04754D272DE0A5270081D270 /* Exceptions for "hello" folder in "hello" target */ = {
			isa = PBXFileSystemSynchronizedBuildFileExceptionSet;
			membershipExceptions = (
				Info.plist,
			);
			target = 04754D0F2DE0A5250081D270 /* hello */;
		};
		04754D3D2DE0A6720081D270 /* Exceptions for "NotiServiceExtension" folder in "NotiServiceExtension" target */ = {
			isa = PBXFileSystemSynchronizedBuildFileExceptionSet;
			membershipExceptions = (
				Info.plist,
			);
			target = 04754D302DE0A6720081D270 /* NotiServiceExtension */;
		};
/* End PBXFileSystemSynchronizedBuildFileExceptionSet section */

/* Begin PBXFileSystemSynchronizedRootGroup section */
		04754D122DE0A5250081D270 /* hello */ = {
			isa = PBXFileSystemSynchronizedRootGroup;
			exceptions = (
				04754D272DE0A5270081D270 /* Exceptions for "hello" folder in "hello" target */,
			);
			path = hello;
			sourceTree = "<group>";
		};
		04754D322DE0A6720081D270 /* NotiServiceExtension */ = {
			isa = PBXFileSystemSynchronizedRootGroup;
			exceptions = (
				04754D3D2DE0A6720081D270 /* Exceptions for "NotiServiceExtension" folder in "NotiServiceExtension" target */,
			);
			path = NotiServiceExtension;
			sourceTree = "<group>";
		};
/* End PBXFileSystemSynchronizedRootGroup section */

/* Begin PBXFrameworksBuildPhase section */
		04754D0D2DE0A5250081D270 /* Frameworks */ = {
			isa = PBXFrameworksBuildPhase;
			buildActionMask = 2147483647;
			files = (
				04754D472DE0A6FC0081D270 /* UserNotifications.framework in Frameworks */,
				04754D432DE0A6B80081D270 /* RationalOwl.framework in Frameworks */,
			);
			runOnlyForDeploymentPostprocessing = 0;
		};
		04754D2E2DE0A6720081D270 /* Frameworks */ = {
			isa = PBXFrameworksBuildPhase;
			buildActionMask = 2147483647;
			files = (
				04754D482DE0A7220081D270 /* RationalOwl.framework in Frameworks */,
			);
			runOnlyForDeploymentPostprocessing = 0;
		};
/* End PBXFrameworksBuildPhase section */

/* Begin PBXGroup section */
		04754D072DE0A5250081D270 = {
			isa = PBXGroup;
			children = (
				04754D402DE0A68D0081D270 /* Frameworks */,
				04754D122DE0A5250081D270 /* hello */,
				04754D322DE0A6720081D270 /* NotiServiceExtension */,
				04754D112DE0A5250081D270 /* Products */,
			);
			sourceTree = "<group>";
		};
		04754D112DE0A5250081D270 /* Products */ = {
			isa = PBXGroup;
			children = (
				04754D102DE0A5250081D270 /* hello.app */,
				04754D312DE0A6720081D270 /* NotiServiceExtension.appex */,
			);
			name = Products;
			sourceTree = "<group>";
		};
		04754D402DE0A68D0081D270 /* Frameworks */ = {
			isa = PBXGroup;
			children = (
				04754D462DE0A6FC0081D270 /* UserNotifications.framework */,
				04754D3F2DE0A68D0081D270 /* RationalOwl.framework */,
			);
			path = Frameworks;
			sourceTree = "<group>";
		};
/* End PBXGroup section */

/* Begin PBXNativeTarget section */
		04754D0F2DE0A5250081D270 /* hello */ = {
			isa = PBXNativeTarget;
			buildConfigurationList = 04754D282DE0A5270081D270 /* Build configuration list for PBXNativeTarget "hello" */;
			buildPhases = (
				04754D0C2DE0A5250081D270 /* Sources */,
				04754D0D2DE0A5250081D270 /* Frameworks */,
				04754D0E2DE0A5250081D270 /* Resources */,
				04754D3E2DE0A6720081D270 /* Embed Foundation Extensions */,
				04754D452DE0A6B80081D270 /* Embed Frameworks */,
			);
			buildRules = (
			);
			dependencies = (
				04754D382DE0A6720081D270 /* PBXTargetDependency */,
			);
			fileSystemSynchronizedGroups = (
				04754D122DE0A5250081D270 /* hello */,
			);
			name = hello;
			packageProductDependencies = (
			);
			productName = hello;
			productReference = 04754D102DE0A5250081D270 /* hello.app */;
			productType = "com.apple.product-type.application";
		};
		04754D302DE0A6720081D270 /* NotiServiceExtension */ = {
			isa = PBXNativeTarget;
			buildConfigurationList = 04754D3A2DE0A6720081D270 /* Build configuration list for PBXNativeTarget "NotiServiceExtension" */;
			buildPhases = (
				04754D2D2DE0A6720081D270 /* Sources */,
				04754D2E2DE0A6720081D270 /* Frameworks */,
				04754D2F2DE0A6720081D270 /* Resources */,
			);
			buildRules = (
			);
			dependencies = (
			);
			fileSystemSynchronizedGroups = (
				04754D322DE0A6720081D270 /* NotiServiceExtension */,
			);
			name = NotiServiceExtension;
			packageProductDependencies = (
			);
			productName = NotiServiceExtension;
			productReference = 04754D312DE0A6720081D270 /* NotiServiceExtension.appex */;
			productType = "com.apple.product-type.app-extension";
		};
/* End PBXNativeTarget section */

/* Begin PBXProject section */
		04754D082DE0A5250081D270 /* Project object */ = {
			isa = PBXProject;
			attributes = {
				BuildIndependentTargetsInParallel = 1;
				LastUpgradeCheck = 1630;
				TargetAttributes = {
					04754D0F2DE0A5250081D270 = {
						CreatedOnToolsVersion = 16.3;
					};
					04754D302DE0A6720081D270 = {
						CreatedOnToolsVersion = 16.3;
					};
				};
			};
			buildConfigurationList = 04754D0B2DE0A5250081D270 /* Build configuration list for PBXProject "hello" */;
			developmentRegion = en;
			hasScannedForEncodings = 0;
			knownRegions = (
				en,
				Base,
			);
			mainGroup = 04754D072DE0A5250081D270;
			minimizedProjectReferenceProxies = 1;
			preferredProjectObjectVersion = 77;
			productRefGroup = 04754D112DE0A5250081D270 /* Products */;
			projectDirPath = "";
			projectRoot = "";
			targets = (
				04754D0F2DE0A5250081D270 /* hello */,
				04754D302DE0A6720081D270 /* NotiServiceExtension */,
			);
		};
/* End PBXProject section */

/* Begin PBXResourcesBuildPhase section */
		04754D0E2DE0A5250081D270 /* Resources */ = {
			isa = PBXResourcesBuildPhase;
			buildActionMask = 2147483647;
			files = (
			);
			runOnlyForDeploymentPostprocessing = 0;
		};
		04754D2F2DE0A6720081D270 /* Resources */ = {
			isa = PBXResourcesBuildPhase;
			buildActionMask = 2147483647;
			files = (
			);
			runOnlyForDeploymentPostprocessing = 0;
		};
/* End PBXResourcesBuildPhase section */

/* Begin PBXSourcesBuildPhase section */
		04754D0C2DE0A5250081D270 /* Sources */ = {
			isa = PBXSourcesBuildPhase;
			buildActionMask = 2147483647;
			files = (
			);
			runOnlyForDeploymentPostprocessing = 0;
		};
		04754D2D2DE0A6720081D270 /* Sources */ = {
			isa = PBXSourcesBuildPhase;
			buildActionMask = 2147483647;
			files = (
			);
			runOnlyForDeploymentPostprocessing = 0;
		};
/* End PBXSourcesBuildPhase section */

/* Begin PBXTargetDependency section */
		04754D382DE0A6720081D270 /* PBXTargetDependency */ = {
			isa = PBXTargetDependency;
			target = 04754D302DE0A6720081D270 /* NotiServiceExtension */;
			targetProxy = 04754D372DE0A6720081D270 /* PBXContainerItemProxy */;
		};
/* End PBXTargetDependency section */

/* Begin XCBuildConfiguration section */
		04754D292DE0A5270081D270 /* Debug */ = {
			isa = XCBuildConfiguration;
			buildSettings = {
				ASSETCATALOG_COMPILER_APPICON_NAME = AppIcon;
				ASSETCATALOG_COMPILER_GLOBAL_ACCENT_COLOR_NAME = AccentColor;
				CODE_SIGN_ENTITLEMENTS = hello/hello.entitlements;
				CODE_SIGN_STYLE = Automatic;
				CURRENT_PROJECT_VERSION = 1;
				DEVELOPMENT_TEAM = 56AQ6CM687;
				FRAMEWORK_SEARCH_PATHS = (
					"$(inherited)",
					"$(PROJECT_DIR)/Frameworks",
				);
				GENERATE_INFOPLIST_FILE = YES;
				HEADER_SEARCH_PATHS = "$(SRCROOT)/**";
				INFOPLIST_FILE = hello/Info.plist;
				INFOPLIST_KEY_UIApplicationSupportsIndirectInputEvents = YES;
				INFOPLIST_KEY_UILaunchStoryboardName = LaunchScreen;
				INFOPLIST_KEY_UIMainStoryboardFile = Main;
				INFOPLIST_KEY_UISupportedInterfaceOrientations_iPad = "UIInterfaceOrientationPortrait UIInterfaceOrientationPortraitUpsideDown UIInterfaceOrientationLandscapeLeft UIInterfaceOrientationLandscapeRight";
				INFOPLIST_KEY_UISupportedInterfaceOrientations_iPhone = "UIInterfaceOrientationPortrait UIInterfaceOrientationLandscapeLeft UIInterfaceOrientationLandscapeRight";
				LD_RUNPATH_SEARCH_PATHS = (
					"$(inherited)",
					"@executable_path/Frameworks",
				);
				MARKETING_VERSION = 1.0;
				PRODUCT_BUNDLE_IDENTIFIER = com.rationalowl.hello;
				PRODUCT_NAME = "$(TARGET_NAME)";
				SWIFT_EMIT_LOC_STRINGS = YES;
				TARGETED_DEVICE_FAMILY = "1,2";
			};
			name = Debug;
		};
		04754D2A2DE0A5270081D270 /* Release */ = {
			isa = XCBuildConfiguration;
			buildSettings = {
				ASSETCATALOG_COMPILER_APPICON_NAME = AppIcon;
				ASSETCATALOG_COMPILER_GLOBAL_ACCENT_COLOR_NAME = AccentColor;
				CODE_SIGN_ENTITLEMENTS = hello/hello.entitlements;
				CODE_SIGN_STYLE = Automatic;
				CURRENT_PROJECT_VERSION = 1;
				DEVELOPMENT_TEAM = 56AQ6CM687;
				FRAMEWORK_SEARCH_PATHS = (
					"$(inherited)",
					"$(PROJECT_DIR)/Frameworks",
				);
				GENERATE_INFOPLIST_FILE = YES;
				HEADER_SEARCH_PATHS = "$(SRCROOT)/**";
				INFOPLIST_FILE = hello/Info.plist;
				INFOPLIST_KEY_UIApplicationSupportsIndirectInputEvents = YES;
				INFOPLIST_KEY_UILaunchStoryboardName = LaunchScreen;
				INFOPLIST_KEY_UIMainStoryboardFile = Main;
				INFOPLIST_KEY_UISupportedInterfaceOrientations_iPad = "UIInterfaceOrientationPortrait UIInterfaceOrientationPortraitUpsideDown UIInterfaceOrientationLandscapeLeft UIInterfaceOrientationLandscapeRight";
				INFOPLIST_KEY_UISupportedInterfaceOrientations_iPhone = "UIInterfaceOrientationPortrait UIInterfaceOrientationLandscapeLeft UIInterfaceOrientationLandscapeRight";
				LD_RUNPATH_SEARCH_PATHS = (
					"$(inherited)",
					"@executable_path/Frameworks",
				);
				MARKETING_VERSION = 1.0;
				PRODUCT_BUNDLE_IDENTIFIER = com.rationalowl.hello;
				PRODUCT_NAME = "$(TARGET_NAME)";
				SWIFT_EMIT_LOC_STRINGS = YES;
				TARGETED_DEVICE_FAMILY = "1,2";
			};
			name = Release;
		};
		04754D2B2DE0A5270081D270 /* Debug */ = {
			isa = XCBuildConfiguration;
			buildSettings = {
				ALWAYS_SEARCH_USER_PATHS = NO;
				ASSETCATALOG_COMPILER_GENERATE_SWIFT_ASSET_SYMBOL_EXTENSIONS = YES;
				CLANG_ANALYZER_NONNULL = YES;
				CLANG_ANALYZER_NUMBER_OBJECT_CONVERSION = YES_AGGRESSIVE;
				CLANG_CXX_LANGUAGE_STANDARD = "gnu++20";
				CLANG_ENABLE_MODULES = YES;
				CLANG_ENABLE_OBJC_ARC = YES;
				CLANG_ENABLE_OBJC_WEAK = YES;
				CLANG_WARN_BLOCK_CAPTURE_AUTORELEASING = YES;
				CLANG_WARN_BOOL_CONVERSION = YES;
				CLANG_WARN_COMMA = YES;
				CLANG_WARN_CONSTANT_CONVERSION = YES;
				CLANG_WARN_DEPRECATED_OBJC_IMPLEMENTATIONS = YES;
				CLANG_WARN_DIRECT_OBJC_ISA_USAGE = YES_ERROR;
				CLANG_WARN_DOCUMENTATION_COMMENTS = YES;
				CLANG_WARN_EMPTY_BODY = YES;
				CLANG_WARN_ENUM_CONVERSION = YES;
				CLANG_WARN_INFINITE_RECURSION = YES;
				CLANG_WARN_INT_CONVERSION = YES;
				CLANG_WARN_NON_LITERAL_NULL_CONVERSION = YES;
				CLANG_WARN_OBJC_IMPLICIT_RETAIN_SELF = YES;
				CLANG_WARN_OBJC_LITERAL_CONVERSION = YES;
				CLANG_WARN_OBJC_ROOT_CLASS = YES_ERROR;
				CLANG_WARN_QUOTED_INCLUDE_IN_FRAMEWORK_HEADER = YES;
				CLANG_WARN_RANGE_LOOP_ANALYSIS = YES;
				CLANG_WARN_STRICT_PROTOTYPES = YES;
				CLANG_WARN_SUSPICIOUS_MOVE = YES;
				CLANG_WARN_UNGUARDED_AVAILABILITY = YES_AGGRESSIVE;
				CLANG_WARN_UNREACHABLE_CODE = YES;
				CLANG_WARN__DUPLICATE_METHOD_MATCH = YES;
				COPY_PHASE_STRIP = NO;
				DEBUG_INFORMATION_FORMAT = dwarf;
				DEVELOPMENT_TEAM = 56AQ6CM687;
				ENABLE_STRICT_OBJC_MSGSEND = YES;
				ENABLE_TESTABILITY = YES;
				ENABLE_USER_SCRIPT_SANDBOXING = YES;
				GCC_C_LANGUAGE_STANDARD = gnu17;
				GCC_DYNAMIC_NO_PIC = NO;
				GCC_NO_COMMON_BLOCKS = YES;
				GCC_OPTIMIZATION_LEVEL = 0;
				GCC_PREPROCESSOR_DEFINITIONS = (
					"DEBUG=1",
					"$(inherited)",
				);
				GCC_WARN_64_TO_32_BIT_CONVERSION = YES;
				GCC_WARN_ABOUT_RETURN_TYPE = YES_ERROR;
				GCC_WARN_UNDECLARED_SELECTOR = YES;
				GCC_WARN_UNINITIALIZED_AUTOS = YES_AGGRESSIVE;
				GCC_WARN_UNUSED_FUNCTION = YES;
				GCC_WARN_UNUSED_VARIABLE = YES;
				IPHONEOS_DEPLOYMENT_TARGET = 18.4;
				LOCALIZATION_PREFERS_STRING_CATALOGS = YES;
				MTL_ENABLE_DEBUG_INFO = INCLUDE_SOURCE;
				MTL_FAST_MATH = YES;
				ONLY_ACTIVE_ARCH = YES;
				SDKROOT = iphoneos;
			};
			name = Debug;
		};
		04754D2C2DE0A5270081D270 /* Release */ = {
			isa = XCBuildConfiguration;
			buildSettings = {
				ALWAYS_SEARCH_USER_PATHS = NO;
				ASSETCATALOG_COMPILER_GENERATE_SWIFT_ASSET_SYMBOL_EXTENSIONS = YES;
				CLANG_ANALYZER_NONNULL = YES;
				CLANG_ANALYZER_NUMBER_OBJECT_CONVERSION = YES_AGGRESSIVE;
				CLANG_CXX_LANGUAGE_STANDARD = "gnu++20";
				CLANG_ENABLE_MODULES = YES;
				CLANG_ENABLE_OBJC_ARC = YES;
				CLANG_ENABLE_OBJC_WEAK = YES;
				CLANG_WARN_BLOCK_CAPTURE_AUTORELEASING = YES;
				CLANG_WARN_BOOL_CONVERSION = YES;
				CLANG_WARN_COMMA = YES;
				CLANG_WARN_CONSTANT_CONVERSION = YES;
				CLANG_WARN_DEPRECATED_OBJC_IMPLEMENTATIONS = YES;
				CLANG_WARN_DIRECT_OBJC_ISA_USAGE = YES_ERROR;
				CLANG_WARN_DOCUMENTATION_COMMENTS = YES;
				CLANG_WARN_EMPTY_BODY = YES;
				CLANG_WARN_ENUM_CONVERSION = YES;
				CLANG_WARN_INFINITE_RECURSION = YES;
				CLANG_WARN_INT_CONVERSION = YES;
				CLANG_WARN_NON_LITERAL_NULL_CONVERSION = YES;
				CLANG_WARN_OBJC_IMPLICIT_RETAIN_SELF = YES;
				CLANG_WARN_OBJC_LITERAL_CONVERSION = YES;
				CLANG_WARN_OBJC_ROOT_CLASS = YES_ERROR;
				CLANG_WARN_QUOTED_INCLUDE_IN_FRAMEWORK_HEADER = YES;
				CLANG_WARN_RANGE_LOOP_ANALYSIS = YES;
				CLANG_WARN_STRICT_PROTOTYPES = YES;
				CLANG_WARN_SUSPICIOUS_MOVE = YES;
				CLANG_WARN_UNGUARDED_AVAILABILITY = YES_AGGRESSIVE;
				CLANG_WARN_UNREACHABLE_CODE = YES;
				CLANG_WARN__DUPLICATE_METHOD_MATCH = YES;
				COPY_PHASE_STRIP = NO;
				DEBUG_INFORMATION_FORMAT = "dwarf-with-dsym";
				DEVELOPMENT_TEAM = 56AQ6CM687;
				ENABLE_NS_ASSERTIONS = NO;
				ENABLE_STRICT_OBJC_MSGSEND = YES;
				ENABLE_USER_SCRIPT_SANDBOXING = YES;
				GCC_C_LANGUAGE_STANDARD = gnu17;
				GCC_NO_COMMON_BLOCKS = YES;
				GCC_WARN_64_TO_32_BIT_CONVERSION = YES;
				GCC_WARN_ABOUT_RETURN_TYPE = YES_ERROR;
				GCC_WARN_UNDECLARED_SELECTOR = YES;
				GCC_WARN_UNINITIALIZED_AUTOS = YES_AGGRESSIVE;
				GCC_WARN_UNUSED_FUNCTION = YES;
				GCC_WARN_UNUSED_VARIABLE = YES;
				IPHONEOS_DEPLOYMENT_TARGET = 18.4;
				LOCALIZATION_PREFERS_STRING_CATALOGS = YES;
				MTL_ENABLE_DEBUG_INFO = NO;
				MTL_FAST_MATH = YES;
				SDKROOT = iphoneos;
				VALIDATE_PRODUCT = YES;
			};
			name = Release;
		};
		04754D3B2DE0A6720081D270 /* Debug */ = {
			isa = XCBuildConfiguration;
			buildSettings = {
				CODE_SIGN_ENTITLEMENTS = NotiServiceExtension/NotiServiceExtension.entitlements;
				CODE_SIGN_STYLE = Automatic;
				CURRENT_PROJECT_VERSION = 1;
				DEVELOPMENT_TEAM = 56AQ6CM687;
				FRAMEWORK_SEARCH_PATHS = (
					"$(inherited)",
					"$(PROJECT_DIR)/Frameworks",
				);
				GENERATE_INFOPLIST_FILE = YES;
				HEADER_SEARCH_PATHS = "$(SRCROOT)/**";
				INFOPLIST_FILE = NotiServiceExtension/Info.plist;
				INFOPLIST_KEY_CFBundleDisplayName = NotiServiceExtension;
				INFOPLIST_KEY_NSHumanReadableCopyright = "";
				LD_RUNPATH_SEARCH_PATHS = (
					"$(inherited)",
					"@executable_path/Frameworks",
					"@executable_path/../../Frameworks",
				);
				MARKETING_VERSION = 1.0;
				PRODUCT_BUNDLE_IDENTIFIER = com.rationalowl.hello.NotiServiceExtension;
				PRODUCT_NAME = "$(TARGET_NAME)";
				SKIP_INSTALL = YES;
				SWIFT_EMIT_LOC_STRINGS = YES;
				TARGETED_DEVICE_FAMILY = "1,2";
			};
			name = Debug;
		};
		04754D3C2DE0A6720081D270 /* Release */ = {
			isa = XCBuildConfiguration;
			buildSettings = {
				CODE_SIGN_ENTITLEMENTS = NotiServiceExtension/NotiServiceExtension.entitlements;
				CODE_SIGN_STYLE = Automatic;
				CURRENT_PROJECT_VERSION = 1;
				DEVELOPMENT_TEAM = 56AQ6CM687;
				FRAMEWORK_SEARCH_PATHS = (
					"$(inherited)",
					"$(PROJECT_DIR)/Frameworks",
				);
				GENERATE_INFOPLIST_FILE = YES;
				HEADER_SEARCH_PATHS = "$(SRCROOT)/**";
				INFOPLIST_FILE = NotiServiceExtension/Info.plist;
				INFOPLIST_KEY_CFBundleDisplayName = NotiServiceExtension;
				INFOPLIST_KEY_NSHumanReadableCopyright = "";
				LD_RUNPATH_SEARCH_PATHS = (
					"$(inherited)",
					"@executable_path/Frameworks",
					"@executable_path/../../Frameworks",
				);
				MARKETING_VERSION = 1.0;
				PRODUCT_BUNDLE_IDENTIFIER = com.rationalowl.hello.NotiServiceExtension;
				PRODUCT_NAME = "$(TARGET_NAME)";
				SKIP_INSTALL = YES;
				SWIFT_EMIT_LOC_STRINGS = YES;
				TARGETED_DEVICE_FAMILY = "1,2";
			};
			name = Release;
		};
/* End XCBuildConfiguration section */

/* Begin XCConfigurationList section */
		04754D0B2DE0A5250081D270 /* Build configuration list for PBXProject "hello" */ = {
			isa = XCConfigurationList;
			buildConfigurations = (
				04754D2B2DE0A5270081D270 /* Debug */,
				04754D2C2DE0A5270081D270 /* Release */,
			);
			defaultConfigurationIsVisible = 0;
			defaultConfigurationName = Release;
		};
		04754D282DE0A5270081D270 /* Build configuration list for PBXNativeTarget "hello" */ = {
			isa = XCConfigurationList;
			buildConfigurations = (
				04754D292DE0A5270081D270 /* Debug */,
				04754D2A2DE0A5270081D270 /* Release */,
			);
			defaultConfigurationIsVisible = 0;
			defaultConfigurationName = Release;
		};
		04754D3A2DE0A6720081D270 /* Build configuration list for PBXNativeTarget "NotiServiceExtension" */ = {
			isa = XCConfigurationList;
			buildConfigurations = (
				04754D3B2DE0A6720081D270 /* Debug */,
				04754D3C2DE0A6720081D270 /* Release */,
			);
			defaultConfigurationIsVisible = 0;
			defaultConfigurationName = Release;
		};
/* End XCConfigurationList section */
	};
	rootObject = 04754D082DE0A5250081D270 /* Project object */;
}
