PODS:
  - PaddingLabel (1.2)
  - RxCocoa (6.5.0):
    - RxRelay (= 6.5.0)
    - RxSwift (= 6.5.0)
  - RxRelay (6.5.0):
    - RxSwift (= 6.5.0)
  - RxSwift (6.5.0)

DEPENDENCIES:
  - PaddingLabel (= 1.2)
  - RxCocoa (= 6.5.0)
  - RxSwift (= 6.5.0)

SPEC REPOS:
  trunk:
    - PaddingLabel
    - RxCocoa
    - RxRelay
    - RxSwift

SPEC CHECKSUMS:
  PaddingLabel: 21ab5282c780366018b04c30e3920c2f55a2fd14
  RxCocoa: 94f817b71c07517321eb4f9ad299112ca8af743b
  RxRelay: 1de1523e604c72b6c68feadedd1af3b1b4d0ecbd
  RxSwift: 5710a9e6b17f3c3d6e40d6e559b9fa1e813b2ef8

PODFILE CHECKSUM: 87f0f0baa0b814ec713fbb54c571984fcf520425

COCOAPODS: 1.12.1
