// !$*UTF8*$!
{
	archiveVersion = 1;
	classes = {
	};
	objectVersion = 50;
	objects = {

/* Begin PBXBuildFile section */
		905B1FEB23F2D3A100349161 /* UserNotifications.framework in Frameworks */ = {isa = PBXBuildFile; fileRef = 905B1FEA23F2D3A100349161 /* UserNotifications.framework */; };
		905B1FEE23F2D3CC00349161 /* RationalOwl.framework in Frameworks */ = {isa = PBXBuildFile; fileRef = 905B1FEC23F2D3B800349161 /* RationalOwl.framework */; };
		905B1FEF23F2D3CC00349161 /* RationalOwl.framework in Embed Frameworks */ = {isa = PBXBuildFile; fileRef = 905B1FEC23F2D3B800349161 /* RationalOwl.framework */; settings = {ATTRIBUTES = (CodeSignOnCopy, RemoveHeadersOnCopy, ); }; };
		905B1FF423F2D61700349161 /* RegViewController.swift in Sources */ = {isa = PBXBuildFile; fileRef = 905B1FF123F2D61600349161 /* RegViewController.swift */; };
		905B1FF523F2D61700349161 /* MsgViewController.swift in Sources */ = {isa = PBXBuildFile; fileRef = 905B1FF323F2D61700349161 /* MsgViewController.swift */; };
		9097010223F2CC620034983E /* AppDelegate.swift in Sources */ = {isa = PBXBuildFile; fileRef = 9097010123F2CC620034983E /* AppDelegate.swift */; };
		9097010923F2CC620034983E /* Main.storyboard in Resources */ = {isa = PBXBuildFile; fileRef = 9097010723F2CC620034983E /* Main.storyboard */; };
		9097010B23F2CC640034983E /* Assets.xcassets in Resources */ = {isa = PBXBuildFile; fileRef = 9097010A23F2CC640034983E /* Assets.xcassets */; };
		9097010E23F2CC640034983E /* LaunchScreen.storyboard in Resources */ = {isa = PBXBuildFile; fileRef = 9097010C23F2CC640034983E /* LaunchScreen.storyboard */; };
		9097012223F2CF480034983E /* NotificationService.swift in Sources */ = {isa = PBXBuildFile; fileRef = 9097012123F2CF480034983E /* NotificationService.swift */; };
		9097012623F2CF480034983E /* NotiServiceExtension.appex in Embed App Extensions */ = {isa = PBXBuildFile; fileRef = 9097011F23F2CF480034983E /* NotiServiceExtension.appex */; settings = {ATTRIBUTES = (RemoveHeadersOnCopy, ); }; };
		90F1006823F3D6A8000CD4CB /* RationalOwl.framework in Frameworks */ = {isa = PBXBuildFile; fileRef = 905B1FEC23F2D3B800349161 /* RationalOwl.framework */; };
		90F1006923F3D6A8000CD4CB /* RationalOwl.framework in Embed Frameworks */ = {isa = PBXBuildFile; fileRef = 905B1FEC23F2D3B800349161 /* RationalOwl.framework */; settings = {ATTRIBUTES = (CodeSignOnCopy, RemoveHeadersOnCopy, ); }; };
/* End PBXBuildFile section */

/* Begin PBXContainerItemProxy section */
		9097012423F2CF480034983E /* PBXContainerItemProxy */ = {
			isa = PBXContainerItemProxy;
			containerPortal = 909700F623F2CC620034983E /* Project object */;
			proxyType = 1;
			remoteGlobalIDString = 9097011E23F2CF480034983E;
			remoteInfo = NotiServiceExtension;
		};
/* End PBXContainerItemProxy section */

/* Begin PBXCopyFilesBuildPhase section */
		905B1FF023F2D3CC00349161 /* Embed Frameworks */ = {
			isa = PBXCopyFilesBuildPhase;
			buildActionMask = 2147483647;
			dstPath = "";
			dstSubfolderSpec = 10;
			files = (
				905B1FEF23F2D3CC00349161 /* RationalOwl.framework in Embed Frameworks */,
			);
			name = "Embed Frameworks";
			runOnlyForDeploymentPostprocessing = 0;
		};
		9097012A23F2CF480034983E /* Embed App Extensions */ = {
			isa = PBXCopyFilesBuildPhase;
			buildActionMask = 2147483647;
			dstPath = "";
			dstSubfolderSpec = 13;
			files = (
				9097012623F2CF480034983E /* NotiServiceExtension.appex in Embed App Extensions */,
			);
			name = "Embed App Extensions";
			runOnlyForDeploymentPostprocessing = 0;
		};
		90F1006A23F3D6A8000CD4CB /* Embed Frameworks */ = {
			isa = PBXCopyFilesBuildPhase;
			buildActionMask = 2147483647;
			dstPath = "";
			dstSubfolderSpec = 10;
			files = (
				90F1006923F3D6A8000CD4CB /* RationalOwl.framework in Embed Frameworks */,
			);
			name = "Embed Frameworks";
			runOnlyForDeploymentPostprocessing = 0;
		};
/* End PBXCopyFilesBuildPhase section */

/* Begin PBXFileReference section */
		905B1FE823F2D2BC00349161 /* NotiServiceExtension.entitlements */ = {isa = PBXFileReference; lastKnownFileType = text.plist.entitlements; path = NotiServiceExtension.entitlements; sourceTree = "<group>"; };
		905B1FEA23F2D3A100349161 /* UserNotifications.framework */ = {isa = PBXFileReference; lastKnownFileType = wrapper.framework; name = UserNotifications.framework; path = System/Library/Frameworks/UserNotifications.framework; sourceTree = SDKROOT; };
		905B1FEC23F2D3B800349161 /* RationalOwl.framework */ = {isa = PBXFileReference; lastKnownFileType = wrapper.framework; path = RationalOwl.framework; sourceTree = "<group>"; };
		905B1FF123F2D61600349161 /* RegViewController.swift */ = {isa = PBXFileReference; fileEncoding = 4; lastKnownFileType = sourcecode.swift; path = RegViewController.swift; sourceTree = "<group>"; };
		905B1FF223F2D61700349161 /* sample-Bridging-Header.h */ = {isa = PBXFileReference; fileEncoding = 4; lastKnownFileType = sourcecode.c.h; path = "sample-Bridging-Header.h"; sourceTree = "<group>"; };
		905B1FF323F2D61700349161 /* MsgViewController.swift */ = {isa = PBXFileReference; fileEncoding = 4; lastKnownFileType = sourcecode.swift; path = MsgViewController.swift; sourceTree = "<group>"; };
		909700FE23F2CC620034983E /* sample.app */ = {isa = PBXFileReference; explicitFileType = wrapper.application; includeInIndex = 0; path = sample.app; sourceTree = BUILT_PRODUCTS_DIR; };
		9097010123F2CC620034983E /* AppDelegate.swift */ = {isa = PBXFileReference; lastKnownFileType = sourcecode.swift; path = AppDelegate.swift; sourceTree = "<group>"; };
		9097010823F2CC620034983E /* Base */ = {isa = PBXFileReference; lastKnownFileType = file.storyboard; name = Base; path = Base.lproj/Main.storyboard; sourceTree = "<group>"; };
		9097010A23F2CC640034983E /* Assets.xcassets */ = {isa = PBXFileReference; lastKnownFileType = folder.assetcatalog; path = Assets.xcassets; sourceTree = "<group>"; };
		9097010D23F2CC640034983E /* Base */ = {isa = PBXFileReference; lastKnownFileType = file.storyboard; name = Base; path = Base.lproj/LaunchScreen.storyboard; sourceTree = "<group>"; };
		9097010F23F2CC640034983E /* Info.plist */ = {isa = PBXFileReference; lastKnownFileType = text.plist.xml; path = Info.plist; sourceTree = "<group>"; };
		9097011A23F2CE8F0034983E /* sample.entitlements */ = {isa = PBXFileReference; lastKnownFileType = text.plist.entitlements; path = sample.entitlements; sourceTree = "<group>"; };
		9097011F23F2CF480034983E /* NotiServiceExtension.appex */ = {isa = PBXFileReference; explicitFileType = "wrapper.app-extension"; includeInIndex = 0; path = NotiServiceExtension.appex; sourceTree = BUILT_PRODUCTS_DIR; };
		9097012123F2CF480034983E /* NotificationService.swift */ = {isa = PBXFileReference; lastKnownFileType = sourcecode.swift; path = NotificationService.swift; sourceTree = "<group>"; };
		9097012323F2CF480034983E /* Info.plist */ = {isa = PBXFileReference; lastKnownFileType = text.plist.xml; path = Info.plist; sourceTree = "<group>"; };
/* End PBXFileReference section */

/* Begin PBXFrameworksBuildPhase section */
		909700FB23F2CC620034983E /* Frameworks */ = {
			isa = PBXFrameworksBuildPhase;
			buildActionMask = 2147483647;
			files = (
				905B1FEB23F2D3A100349161 /* UserNotifications.framework in Frameworks */,
				905B1FEE23F2D3CC00349161 /* RationalOwl.framework in Frameworks */,
			);
			runOnlyForDeploymentPostprocessing = 0;
		};
		9097011C23F2CF480034983E /* Frameworks */ = {
			isa = PBXFrameworksBuildPhase;
			buildActionMask = 2147483647;
			files = (
				90F1006823F3D6A8000CD4CB /* RationalOwl.framework in Frameworks */,
			);
			runOnlyForDeploymentPostprocessing = 0;
		};
/* End PBXFrameworksBuildPhase section */

/* Begin PBXGroup section */
		905B1FE923F2D3A100349161 /* Frameworks */ = {
			isa = PBXGroup;
			children = (
				905B1FEC23F2D3B800349161 /* RationalOwl.framework */,
				905B1FEA23F2D3A100349161 /* UserNotifications.framework */,
			);
			name = Frameworks;
			sourceTree = "<group>";
		};
		909700F523F2CC620034983E = {
			isa = PBXGroup;
			children = (
				9097010023F2CC620034983E /* sample */,
				9097012023F2CF480034983E /* NotiServiceExtension */,
				909700FF23F2CC620034983E /* Products */,
				905B1FE923F2D3A100349161 /* Frameworks */,
			);
			sourceTree = "<group>";
		};
		909700FF23F2CC620034983E /* Products */ = {
			isa = PBXGroup;
			children = (
				909700FE23F2CC620034983E /* sample.app */,
				9097011F23F2CF480034983E /* NotiServiceExtension.appex */,
			);
			name = Products;
			sourceTree = "<group>";
		};
		9097010023F2CC620034983E /* sample */ = {
			isa = PBXGroup;
			children = (
				9097011A23F2CE8F0034983E /* sample.entitlements */,
				905B1FF323F2D61700349161 /* MsgViewController.swift */,
				905B1FF123F2D61600349161 /* RegViewController.swift */,
				905B1FF223F2D61700349161 /* sample-Bridging-Header.h */,
				9097010123F2CC620034983E /* AppDelegate.swift */,
				9097010723F2CC620034983E /* Main.storyboard */,
				9097010A23F2CC640034983E /* Assets.xcassets */,
				9097010C23F2CC640034983E /* LaunchScreen.storyboard */,
				9097010F23F2CC640034983E /* Info.plist */,
			);
			path = sample;
			sourceTree = "<group>";
		};
		9097012023F2CF480034983E /* NotiServiceExtension */ = {
			isa = PBXGroup;
			children = (
				905B1FE823F2D2BC00349161 /* NotiServiceExtension.entitlements */,
				9097012123F2CF480034983E /* NotificationService.swift */,
				9097012323F2CF480034983E /* Info.plist */,
			);
			path = NotiServiceExtension;
			sourceTree = "<group>";
		};
/* End PBXGroup section */

/* Begin PBXNativeTarget section */
		909700FD23F2CC620034983E /* sample */ = {
			isa = PBXNativeTarget;
			buildConfigurationList = 9097011223F2CC640034983E /* Build configuration list for PBXNativeTarget "sample" */;
			buildPhases = (
				909700FA23F2CC620034983E /* Sources */,
				909700FB23F2CC620034983E /* Frameworks */,
				909700FC23F2CC620034983E /* Resources */,
				9097012A23F2CF480034983E /* Embed App Extensions */,
				905B1FF023F2D3CC00349161 /* Embed Frameworks */,
			);
			buildRules = (
			);
			dependencies = (
				9097012523F2CF480034983E /* PBXTargetDependency */,
			);
			name = sample;
			productName = sample;
			productReference = 909700FE23F2CC620034983E /* sample.app */;
			productType = "com.apple.product-type.application";
		};
		9097011E23F2CF480034983E /* NotiServiceExtension */ = {
			isa = PBXNativeTarget;
			buildConfigurationList = 9097012723F2CF480034983E /* Build configuration list for PBXNativeTarget "NotiServiceExtension" */;
			buildPhases = (
				9097011B23F2CF480034983E /* Sources */,
				9097011C23F2CF480034983E /* Frameworks */,
				9097011D23F2CF480034983E /* Resources */,
				90F1006A23F3D6A8000CD4CB /* Embed Frameworks */,
			);
			buildRules = (
			);
			dependencies = (
			);
			name = NotiServiceExtension;
			productName = NotiServiceExtension;
			productReference = 9097011F23F2CF480034983E /* NotiServiceExtension.appex */;
			productType = "com.apple.product-type.app-extension";
		};
/* End PBXNativeTarget section */

/* Begin PBXProject section */
		909700F623F2CC620034983E /* Project object */ = {
			isa = PBXProject;
			attributes = {
				LastSwiftUpdateCheck = 1100;
				LastUpgradeCheck = 1100;
				ORGANIZATIONNAME = Rationalowl;
				TargetAttributes = {
					909700FD23F2CC620034983E = {
						CreatedOnToolsVersion = 11.0;
					};
					9097011E23F2CF480034983E = {
						CreatedOnToolsVersion = 11.0;
					};
				};
			};
			buildConfigurationList = 909700F923F2CC620034983E /* Build configuration list for PBXProject "sample" */;
			compatibilityVersion = "Xcode 9.3";
			developmentRegion = en;
			hasScannedForEncodings = 0;
			knownRegions = (
				en,
				Base,
			);
			mainGroup = 909700F523F2CC620034983E;
			productRefGroup = 909700FF23F2CC620034983E /* Products */;
			projectDirPath = "";
			projectRoot = "";
			targets = (
				909700FD23F2CC620034983E /* sample */,
				9097011E23F2CF480034983E /* NotiServiceExtension */,
			);
		};
/* End PBXProject section */

/* Begin PBXResourcesBuildPhase section */
		909700FC23F2CC620034983E /* Resources */ = {
			isa = PBXResourcesBuildPhase;
			buildActionMask = 2147483647;
			files = (
				9097010E23F2CC640034983E /* LaunchScreen.storyboard in Resources */,
				9097010B23F2CC640034983E /* Assets.xcassets in Resources */,
				9097010923F2CC620034983E /* Main.storyboard in Resources */,
			);
			runOnlyForDeploymentPostprocessing = 0;
		};
		9097011D23F2CF480034983E /* Resources */ = {
			isa = PBXResourcesBuildPhase;
			buildActionMask = 2147483647;
			files = (
			);
			runOnlyForDeploymentPostprocessing = 0;
		};
/* End PBXResourcesBuildPhase section */

/* Begin PBXSourcesBuildPhase section */
		909700FA23F2CC620034983E /* Sources */ = {
			isa = PBXSourcesBuildPhase;
			buildActionMask = 2147483647;
			files = (
				905B1FF523F2D61700349161 /* MsgViewController.swift in Sources */,
				9097010223F2CC620034983E /* AppDelegate.swift in Sources */,
				905B1FF423F2D61700349161 /* RegViewController.swift in Sources */,
			);
			runOnlyForDeploymentPostprocessing = 0;
		};
		9097011B23F2CF480034983E /* Sources */ = {
			isa = PBXSourcesBuildPhase;
			buildActionMask = 2147483647;
			files = (
				9097012223F2CF480034983E /* NotificationService.swift in Sources */,
			);
			runOnlyForDeploymentPostprocessing = 0;
		};
/* End PBXSourcesBuildPhase section */

/* Begin PBXTargetDependency section */
		9097012523F2CF480034983E /* PBXTargetDependency */ = {
			isa = PBXTargetDependency;
			target = 9097011E23F2CF480034983E /* NotiServiceExtension */;
			targetProxy = 9097012423F2CF480034983E /* PBXContainerItemProxy */;
		};
/* End PBXTargetDependency section */

/* Begin PBXVariantGroup section */
		9097010723F2CC620034983E /* Main.storyboard */ = {
			isa = PBXVariantGroup;
			children = (
				9097010823F2CC620034983E /* Base */,
			);
			name = Main.storyboard;
			sourceTree = "<group>";
		};
		9097010C23F2CC640034983E /* LaunchScreen.storyboard */ = {
			isa = PBXVariantGroup;
			children = (
				9097010D23F2CC640034983E /* Base */,
			);
			name = LaunchScreen.storyboard;
			sourceTree = "<group>";
		};
/* End PBXVariantGroup section */

/* Begin XCBuildConfiguration section */
		9097011023F2CC640034983E /* Debug */ = {
			isa = XCBuildConfiguration;
			buildSettings = {
				ALWAYS_SEARCH_USER_PATHS = NO;
				CLANG_ANALYZER_NONNULL = YES;
				CLANG_ANALYZER_NUMBER_OBJECT_CONVERSION = YES_AGGRESSIVE;
				CLANG_CXX_LANGUAGE_STANDARD = "gnu++14";
				CLANG_CXX_LIBRARY = "libc++";
				CLANG_ENABLE_MODULES = YES;
				CLANG_ENABLE_OBJC_ARC = YES;
				CLANG_ENABLE_OBJC_WEAK = YES;
				CLANG_WARN_BLOCK_CAPTURE_AUTORELEASING = YES;
				CLANG_WARN_BOOL_CONVERSION = YES;
				CLANG_WARN_COMMA = YES;
				CLANG_WARN_CONSTANT_CONVERSION = YES;
				CLANG_WARN_DEPRECATED_OBJC_IMPLEMENTATIONS = YES;
				CLANG_WARN_DIRECT_OBJC_ISA_USAGE = YES_ERROR;
				CLANG_WARN_DOCUMENTATION_COMMENTS = YES;
				CLANG_WARN_EMPTY_BODY = YES;
				CLANG_WARN_ENUM_CONVERSION = YES;
				CLANG_WARN_INFINITE_RECURSION = YES;
				CLANG_WARN_INT_CONVERSION = YES;
				CLANG_WARN_NON_LITERAL_NULL_CONVERSION = YES;
				CLANG_WARN_OBJC_IMPLICIT_RETAIN_SELF = YES;
				CLANG_WARN_OBJC_LITERAL_CONVERSION = YES;
				CLANG_WARN_OBJC_ROOT_CLASS = YES_ERROR;
				CLANG_WARN_RANGE_LOOP_ANALYSIS = YES;
				CLANG_WARN_STRICT_PROTOTYPES = YES;
				CLANG_WARN_SUSPICIOUS_MOVE = YES;
				CLANG_WARN_UNGUARDED_AVAILABILITY = YES_AGGRESSIVE;
				CLANG_WARN_UNREACHABLE_CODE = YES;
				CLANG_WARN__DUPLICATE_METHOD_MATCH = YES;
				COPY_PHASE_STRIP = NO;
				DEBUG_INFORMATION_FORMAT = dwarf;
				ENABLE_STRICT_OBJC_MSGSEND = YES;
				ENABLE_TESTABILITY = YES;
				GCC_C_LANGUAGE_STANDARD = gnu11;
				GCC_DYNAMIC_NO_PIC = NO;
				GCC_NO_COMMON_BLOCKS = YES;
				GCC_OPTIMIZATION_LEVEL = 0;
				GCC_PREPROCESSOR_DEFINITIONS = (
					"DEBUG=1",
					"$(inherited)",
				);
				GCC_WARN_64_TO_32_BIT_CONVERSION = YES;
				GCC_WARN_ABOUT_RETURN_TYPE = YES_ERROR;
				GCC_WARN_UNDECLARED_SELECTOR = YES;
				GCC_WARN_UNINITIALIZED_AUTOS = YES_AGGRESSIVE;
				GCC_WARN_UNUSED_FUNCTION = YES;
				GCC_WARN_UNUSED_VARIABLE = YES;
				IPHONEOS_DEPLOYMENT_TARGET = 12.3;
				MTL_ENABLE_DEBUG_INFO = INCLUDE_SOURCE;
				MTL_FAST_MATH = YES;
				ONLY_ACTIVE_ARCH = YES;
				SDKROOT = iphoneos;
				SWIFT_ACTIVE_COMPILATION_CONDITIONS = DEBUG;
				SWIFT_OBJC_BRIDGING_HEADER = "/Volumes/Samsung_T5/project/github/rationalowl-sample/device-app/ios-swift/sample/sample-Bridging-Header.h";
				SWIFT_OPTIMIZATION_LEVEL = "-Onone";
			};
			name = Debug;
		};
		9097011123F2CC640034983E /* Release */ = {
			isa = XCBuildConfiguration;
			buildSettings = {
				ALWAYS_SEARCH_USER_PATHS = NO;
				CLANG_ANALYZER_NONNULL = YES;
				CLANG_ANALYZER_NUMBER_OBJECT_CONVERSION = YES_AGGRESSIVE;
				CLANG_CXX_LANGUAGE_STANDARD = "gnu++14";
				CLANG_CXX_LIBRARY = "libc++";
				CLANG_ENABLE_MODULES = YES;
				CLANG_ENABLE_OBJC_ARC = YES;
				CLANG_ENABLE_OBJC_WEAK = YES;
				CLANG_WARN_BLOCK_CAPTURE_AUTORELEASING = YES;
				CLANG_WARN_BOOL_CONVERSION = YES;
				CLANG_WARN_COMMA = YES;
				CLANG_WARN_CONSTANT_CONVERSION = YES;
				CLANG_WARN_DEPRECATED_OBJC_IMPLEMENTATIONS = YES;
				CLANG_WARN_DIRECT_OBJC_ISA_USAGE = YES_ERROR;
				CLANG_WARN_DOCUMENTATION_COMMENTS = YES;
				CLANG_WARN_EMPTY_BODY = YES;
				CLANG_WARN_ENUM_CONVERSION = YES;
				CLANG_WARN_INFINITE_RECURSION = YES;
				CLANG_WARN_INT_CONVERSION = YES;
				CLANG_WARN_NON_LITERAL_NULL_CONVERSION = YES;
				CLANG_WARN_OBJC_IMPLICIT_RETAIN_SELF = YES;
				CLANG_WARN_OBJC_LITERAL_CONVERSION = YES;
				CLANG_WARN_OBJC_ROOT_CLASS = YES_ERROR;
				CLANG_WARN_RANGE_LOOP_ANALYSIS = YES;
				CLANG_WARN_STRICT_PROTOTYPES = YES;
				CLANG_WARN_SUSPICIOUS_MOVE = YES;
				CLANG_WARN_UNGUARDED_AVAILABILITY = YES_AGGRESSIVE;
				CLANG_WARN_UNREACHABLE_CODE = YES;
				CLANG_WARN__DUPLICATE_METHOD_MATCH = YES;
				COPY_PHASE_STRIP = NO;
				DEBUG_INFORMATION_FORMAT = "dwarf-with-dsym";
				ENABLE_NS_ASSERTIONS = NO;
				ENABLE_STRICT_OBJC_MSGSEND = YES;
				GCC_C_LANGUAGE_STANDARD = gnu11;
				GCC_NO_COMMON_BLOCKS = YES;
				GCC_WARN_64_TO_32_BIT_CONVERSION = YES;
				GCC_WARN_ABOUT_RETURN_TYPE = YES_ERROR;
				GCC_WARN_UNDECLARED_SELECTOR = YES;
				GCC_WARN_UNINITIALIZED_AUTOS = YES_AGGRESSIVE;
				GCC_WARN_UNUSED_FUNCTION = YES;
				GCC_WARN_UNUSED_VARIABLE = YES;
				IPHONEOS_DEPLOYMENT_TARGET = 12.3;
				MTL_ENABLE_DEBUG_INFO = NO;
				MTL_FAST_MATH = YES;
				SDKROOT = iphoneos;
				SWIFT_COMPILATION_MODE = wholemodule;
				SWIFT_OBJC_BRIDGING_HEADER = "/Volumes/Samsung_T5/project/github/rationalowl-sample/device-app/ios-swift/sample/sample-Bridging-Header.h";
				SWIFT_OPTIMIZATION_LEVEL = "-O";
				VALIDATE_PRODUCT = YES;
			};
			name = Release;
		};
		9097011323F2CC640034983E /* Debug */ = {
			isa = XCBuildConfiguration;
			buildSettings = {
				ALWAYS_EMBED_SWIFT_STANDARD_LIBRARIES = YES;
				ASSETCATALOG_COMPILER_APPICON_NAME = AppIcon;
				CODE_SIGN_ENTITLEMENTS = sample/sample.entitlements;
				CODE_SIGN_STYLE = Automatic;
				DEVELOPMENT_TEAM = 56AQ6CM687;
				FRAMEWORK_SEARCH_PATHS = (
					"$(inherited)",
					"$(PROJECT_DIR)",
				);
				INFOPLIST_FILE = sample/Info.plist;
				IPHONEOS_DEPLOYMENT_TARGET = 12.0;
				LD_RUNPATH_SEARCH_PATHS = (
					"$(inherited)",
					"@executable_path/Frameworks",
				);
				PRODUCT_BUNDLE_IDENTIFIER = com.rationalowl.sample;
				PRODUCT_NAME = "$(TARGET_NAME)";
				SWIFT_OBJC_BRIDGING_HEADER = "/Volumes/Samsung_T5/project/github/rationalowl-sample/device-app/ios-swift/sample/sample-Bridging-Header.h";
				SWIFT_PRECOMPILE_BRIDGING_HEADER = NO;
				SWIFT_VERSION = 5.0;
				TARGETED_DEVICE_FAMILY = "1,2";
			};
			name = Debug;
		};
		9097011423F2CC640034983E /* Release */ = {
			isa = XCBuildConfiguration;
			buildSettings = {
				ALWAYS_EMBED_SWIFT_STANDARD_LIBRARIES = YES;
				ASSETCATALOG_COMPILER_APPICON_NAME = AppIcon;
				CODE_SIGN_ENTITLEMENTS = sample/sample.entitlements;
				CODE_SIGN_STYLE = Automatic;
				DEVELOPMENT_TEAM = 56AQ6CM687;
				FRAMEWORK_SEARCH_PATHS = (
					"$(inherited)",
					"$(PROJECT_DIR)",
				);
				INFOPLIST_FILE = sample/Info.plist;
				IPHONEOS_DEPLOYMENT_TARGET = 12.0;
				LD_RUNPATH_SEARCH_PATHS = (
					"$(inherited)",
					"@executable_path/Frameworks",
				);
				PRODUCT_BUNDLE_IDENTIFIER = com.rationalowl.sample;
				PRODUCT_NAME = "$(TARGET_NAME)";
				SWIFT_OBJC_BRIDGING_HEADER = "/Volumes/Samsung_T5/project/github/rationalowl-sample/device-app/ios-swift/sample/sample-Bridging-Header.h";
				SWIFT_PRECOMPILE_BRIDGING_HEADER = NO;
				SWIFT_VERSION = 5.0;
				TARGETED_DEVICE_FAMILY = "1,2";
			};
			name = Release;
		};
		9097012823F2CF480034983E /* Debug */ = {
			isa = XCBuildConfiguration;
			buildSettings = {
				CODE_SIGN_ENTITLEMENTS = NotiServiceExtension/NotiServiceExtension.entitlements;
				CODE_SIGN_STYLE = Automatic;
				DEVELOPMENT_TEAM = 56AQ6CM687;
				FRAMEWORK_SEARCH_PATHS = (
					"$(inherited)",
					"$(PROJECT_DIR)",
				);
				INFOPLIST_FILE = NotiServiceExtension/Info.plist;
				LD_RUNPATH_SEARCH_PATHS = (
					"$(inherited)",
					"@executable_path/Frameworks",
					"@executable_path/../../Frameworks",
				);
				PRODUCT_BUNDLE_IDENTIFIER = com.rationalowl.sample.NotiServiceExtension;
				PRODUCT_NAME = "$(TARGET_NAME)";
				SKIP_INSTALL = YES;
				SWIFT_OBJC_BRIDGING_HEADER = "";
				SWIFT_VERSION = 5.0;
				TARGETED_DEVICE_FAMILY = "1,2";
			};
			name = Debug;
		};
		9097012923F2CF480034983E /* Release */ = {
			isa = XCBuildConfiguration;
			buildSettings = {
				CODE_SIGN_ENTITLEMENTS = NotiServiceExtension/NotiServiceExtension.entitlements;
				CODE_SIGN_STYLE = Automatic;
				DEVELOPMENT_TEAM = 56AQ6CM687;
				FRAMEWORK_SEARCH_PATHS = (
					"$(inherited)",
					"$(PROJECT_DIR)",
				);
				INFOPLIST_FILE = NotiServiceExtension/Info.plist;
				LD_RUNPATH_SEARCH_PATHS = (
					"$(inherited)",
					"@executable_path/Frameworks",
					"@executable_path/../../Frameworks",
				);
				PRODUCT_BUNDLE_IDENTIFIER = com.rationalowl.sample.NotiServiceExtension;
				PRODUCT_NAME = "$(TARGET_NAME)";
				SKIP_INSTALL = YES;
				SWIFT_OBJC_BRIDGING_HEADER = "";
				SWIFT_VERSION = 5.0;
				TARGETED_DEVICE_FAMILY = "1,2";
			};
			name = Release;
		};
/* End XCBuildConfiguration section */

/* Begin XCConfigurationList section */
		909700F923F2CC620034983E /* Build configuration list for PBXProject "sample" */ = {
			isa = XCConfigurationList;
			buildConfigurations = (
				9097011023F2CC640034983E /* Debug */,
				9097011123F2CC640034983E /* Release */,
			);
			defaultConfigurationIsVisible = 0;
			defaultConfigurationName = Release;
		};
		9097011223F2CC640034983E /* Build configuration list for PBXNativeTarget "sample" */ = {
			isa = XCConfigurationList;
			buildConfigurations = (
				9097011323F2CC640034983E /* Debug */,
				9097011423F2CC640034983E /* Release */,
			);
			defaultConfigurationIsVisible = 0;
			defaultConfigurationName = Release;
		};
		9097012723F2CF480034983E /* Build configuration list for PBXNativeTarget "NotiServiceExtension" */ = {
			isa = XCConfigurationList;
			buildConfigurations = (
				9097012823F2CF480034983E /* Debug */,
				9097012923F2CF480034983E /* Release */,
			);
			defaultConfigurationIsVisible = 0;
			defaultConfigurationName = Release;
		};
/* End XCConfigurationList section */
	};
	rootObject = 909700F623F2CC620034983E /* Project object */;
}
