// !$*UTF8*$!
{
	archiveVersion = 1;
	classes = {
	};
	objectVersion = 56;
	objects = {

/* Begin PBXBuildFile section */
		040192ED2B3424D800B1CD50 /* AppDelegate.swift in Sources */ = {isa = PBXBuildFile; fileRef = 040192EC2B3424D800B1CD50 /* AppDelegate.swift */; };
		040192EF2B3424D800B1CD50 /* SceneDelegate.swift in Sources */ = {isa = PBXBuildFile; fileRef = 040192EE2B3424D800B1CD50 /* SceneDelegate.swift */; };
		040192F12B3424D800B1CD50 /* ViewController.swift in Sources */ = {isa = PBXBuildFile; fileRef = 040192F02B3424D800B1CD50 /* ViewController.swift */; };
		040192F42B3424D800B1CD50 /* Main.storyboard in Resources */ = {isa = PBXBuildFile; fileRef = 040192F22B3424D800B1CD50 /* Main.storyboard */; };
		040192F62B3424D900B1CD50 /* Assets.xcassets in Resources */ = {isa = PBXBuildFile; fileRef = 040192F52B3424D900B1CD50 /* Assets.xcassets */; };
		040192F92B3424D900B1CD50 /* LaunchScreen.storyboard in Resources */ = {isa = PBXBuildFile; fileRef = 040192F72B3424D900B1CD50 /* LaunchScreen.storyboard */; };
		040193052B346B4900B1CD50 /* RationalOwl.framework in Frameworks */ = {isa = PBXBuildFile; fileRef = 040193032B346A9500B1CD50 /* RationalOwl.framework */; };
		040193062B346B4900B1CD50 /* RationalOwl.framework in Embed Frameworks */ = {isa = PBXBuildFile; fileRef = 040193032B346A9500B1CD50 /* RationalOwl.framework */; settings = {ATTRIBUTES = (CodeSignOnCopy, RemoveHeadersOnCopy, ); }; };
		040193092B346BB300B1CD50 /* UserNotifications.framework in Frameworks */ = {isa = PBXBuildFile; fileRef = 040193082B346BB300B1CD50 /* UserNotifications.framework */; };
		040193112B346F2200B1CD50 /* NotificationService.swift in Sources */ = {isa = PBXBuildFile; fileRef = 040193102B346F2200B1CD50 /* NotificationService.swift */; };
		040193152B346F2200B1CD50 /* NotiServiceExtension.appex in Embed Foundation Extensions */ = {isa = PBXBuildFile; fileRef = 0401930E2B346F2200B1CD50 /* NotiServiceExtension.appex */; settings = {ATTRIBUTES = (RemoveHeadersOnCopy, ); }; };
		0401931B2B35CE6300B1CD50 /* RationalOwl.framework in Frameworks */ = {isa = PBXBuildFile; fileRef = 040193032B346A9500B1CD50 /* RationalOwl.framework */; };
		804ED6E5E78CC2158849EDAA /* Pods_hello.framework in Frameworks */ = {isa = PBXBuildFile; fileRef = 10BCDBD976C255FAE25C6CB1 /* Pods_hello.framework */; };
/* End PBXBuildFile section */

/* Begin PBXContainerItemProxy section */
		040193132B346F2200B1CD50 /* PBXContainerItemProxy */ = {
			isa = PBXContainerItemProxy;
			containerPortal = 040192E12B3424D800B1CD50 /* Project object */;
			proxyType = 1;
			remoteGlobalIDString = 0401930D2B346F2200B1CD50;
			remoteInfo = NotiServiceExtension;
		};
/* End PBXContainerItemProxy section */

/* Begin PBXCopyFilesBuildPhase section */
		040193072B346B4900B1CD50 /* Embed Frameworks */ = {
			isa = PBXCopyFilesBuildPhase;
			buildActionMask = 2147483647;
			dstPath = "";
			dstSubfolderSpec = 10;
			files = (
				040193062B346B4900B1CD50 /* RationalOwl.framework in Embed Frameworks */,
			);
			name = "Embed Frameworks";
			runOnlyForDeploymentPostprocessing = 0;
		};
		040193192B346F2200B1CD50 /* Embed Foundation Extensions */ = {
			isa = PBXCopyFilesBuildPhase;
			buildActionMask = 2147483647;
			dstPath = "";
			dstSubfolderSpec = 13;
			files = (
				040193152B346F2200B1CD50 /* NotiServiceExtension.appex in Embed Foundation Extensions */,
			);
			name = "Embed Foundation Extensions";
			runOnlyForDeploymentPostprocessing = 0;
		};
/* End PBXCopyFilesBuildPhase section */

/* Begin PBXFileReference section */
		040192E92B3424D800B1CD50 /* hello.app */ = {isa = PBXFileReference; explicitFileType = wrapper.application; includeInIndex = 0; path = hello.app; sourceTree = BUILT_PRODUCTS_DIR; };
		040192EC2B3424D800B1CD50 /* AppDelegate.swift */ = {isa = PBXFileReference; lastKnownFileType = sourcecode.swift; path = AppDelegate.swift; sourceTree = "<group>"; };
		040192EE2B3424D800B1CD50 /* SceneDelegate.swift */ = {isa = PBXFileReference; lastKnownFileType = sourcecode.swift; path = SceneDelegate.swift; sourceTree = "<group>"; };
		040192F02B3424D800B1CD50 /* ViewController.swift */ = {isa = PBXFileReference; lastKnownFileType = sourcecode.swift; path = ViewController.swift; sourceTree = "<group>"; };
		040192F32B3424D800B1CD50 /* Base */ = {isa = PBXFileReference; lastKnownFileType = file.storyboard; name = Base; path = Base.lproj/Main.storyboard; sourceTree = "<group>"; };
		040192F52B3424D900B1CD50 /* Assets.xcassets */ = {isa = PBXFileReference; lastKnownFileType = folder.assetcatalog; path = Assets.xcassets; sourceTree = "<group>"; };
		040192F82B3424D900B1CD50 /* Base */ = {isa = PBXFileReference; lastKnownFileType = file.storyboard; name = Base; path = Base.lproj/LaunchScreen.storyboard; sourceTree = "<group>"; };
		040192FA2B3424D900B1CD50 /* Info.plist */ = {isa = PBXFileReference; lastKnownFileType = text.plist.xml; path = Info.plist; sourceTree = "<group>"; };
		040193032B346A9500B1CD50 /* RationalOwl.framework */ = {isa = PBXFileReference; lastKnownFileType = wrapper.framework; path = RationalOwl.framework; sourceTree = "<group>"; };
		040193082B346BB300B1CD50 /* UserNotifications.framework */ = {isa = PBXFileReference; lastKnownFileType = wrapper.framework; name = UserNotifications.framework; path = System/Library/Frameworks/UserNotifications.framework; sourceTree = SDKROOT; };
		0401930E2B346F2200B1CD50 /* NotiServiceExtension.appex */ = {isa = PBXFileReference; explicitFileType = "wrapper.app-extension"; includeInIndex = 0; path = NotiServiceExtension.appex; sourceTree = BUILT_PRODUCTS_DIR; };
		040193102B346F2200B1CD50 /* NotificationService.swift */ = {isa = PBXFileReference; lastKnownFileType = sourcecode.swift; path = NotificationService.swift; sourceTree = "<group>"; };
		040193122B346F2200B1CD50 /* Info.plist */ = {isa = PBXFileReference; lastKnownFileType = text.plist.xml; path = Info.plist; sourceTree = "<group>"; };
		0401931A2B35C9A800B1CD50 /* hello.entitlements */ = {isa = PBXFileReference; lastKnownFileType = text.plist.entitlements; path = hello.entitlements; sourceTree = "<group>"; };
		0401931C2B35DF8F00B1CD50 /* NotiServiceExtension.entitlements */ = {isa = PBXFileReference; lastKnownFileType = text.plist.entitlements; path = NotiServiceExtension.entitlements; sourceTree = "<group>"; };
		10BCDBD976C255FAE25C6CB1 /* Pods_hello.framework */ = {isa = PBXFileReference; explicitFileType = wrapper.framework; includeInIndex = 0; path = Pods_hello.framework; sourceTree = BUILT_PRODUCTS_DIR; };
		8DB9927E4DCC043EDAA1EE6E /* Pods-hello.release.xcconfig */ = {isa = PBXFileReference; includeInIndex = 1; lastKnownFileType = text.xcconfig; name = "Pods-hello.release.xcconfig"; path = "Target Support Files/Pods-hello/Pods-hello.release.xcconfig"; sourceTree = "<group>"; };
		C948C37AB5D79A6527ABD00E /* Pods-hello.debug.xcconfig */ = {isa = PBXFileReference; includeInIndex = 1; lastKnownFileType = text.xcconfig; name = "Pods-hello.debug.xcconfig"; path = "Target Support Files/Pods-hello/Pods-hello.debug.xcconfig"; sourceTree = "<group>"; };
/* End PBXFileReference section */

/* Begin PBXFrameworksBuildPhase section */
		040192E62B3424D800B1CD50 /* Frameworks */ = {
			isa = PBXFrameworksBuildPhase;
			buildActionMask = 2147483647;
			files = (
				040193092B346BB300B1CD50 /* UserNotifications.framework in Frameworks */,
				040193052B346B4900B1CD50 /* RationalOwl.framework in Frameworks */,
				804ED6E5E78CC2158849EDAA /* Pods_hello.framework in Frameworks */,
			);
			runOnlyForDeploymentPostprocessing = 0;
		};
		0401930B2B346F2200B1CD50 /* Frameworks */ = {
			isa = PBXFrameworksBuildPhase;
			buildActionMask = 2147483647;
			files = (
				0401931B2B35CE6300B1CD50 /* RationalOwl.framework in Frameworks */,
			);
			runOnlyForDeploymentPostprocessing = 0;
		};
/* End PBXFrameworksBuildPhase section */

/* Begin PBXGroup section */
		040192E02B3424D800B1CD50 = {
			isa = PBXGroup;
			children = (
				0401930F2B346F2200B1CD50 /* NotiServiceExtension */,
				040193022B346A3700B1CD50 /* Frameworks */,
				040192EB2B3424D800B1CD50 /* hello */,
				040192EA2B3424D800B1CD50 /* Products */,
				B4B8A1BE46017CB7FB620000 /* Pods */,
			);
			sourceTree = "<group>";
		};
		040192EA2B3424D800B1CD50 /* Products */ = {
			isa = PBXGroup;
			children = (
				040192E92B3424D800B1CD50 /* hello.app */,
				0401930E2B346F2200B1CD50 /* NotiServiceExtension.appex */,
			);
			name = Products;
			sourceTree = "<group>";
		};
		040192EB2B3424D800B1CD50 /* hello */ = {
			isa = PBXGroup;
			children = (
				0401931A2B35C9A800B1CD50 /* hello.entitlements */,
				040192EC2B3424D800B1CD50 /* AppDelegate.swift */,
				040192EE2B3424D800B1CD50 /* SceneDelegate.swift */,
				040192F02B3424D800B1CD50 /* ViewController.swift */,
				040192F22B3424D800B1CD50 /* Main.storyboard */,
				040192F52B3424D900B1CD50 /* Assets.xcassets */,
				040192F72B3424D900B1CD50 /* LaunchScreen.storyboard */,
				040192FA2B3424D900B1CD50 /* Info.plist */,
			);
			path = hello;
			sourceTree = "<group>";
		};
		040193022B346A3700B1CD50 /* Frameworks */ = {
			isa = PBXGroup;
			children = (
				040193082B346BB300B1CD50 /* UserNotifications.framework */,
				040193032B346A9500B1CD50 /* RationalOwl.framework */,
				10BCDBD976C255FAE25C6CB1 /* Pods_hello.framework */,
			);
			path = Frameworks;
			sourceTree = "<group>";
		};
		0401930F2B346F2200B1CD50 /* NotiServiceExtension */ = {
			isa = PBXGroup;
			children = (
				0401931C2B35DF8F00B1CD50 /* NotiServiceExtension.entitlements */,
				040193102B346F2200B1CD50 /* NotificationService.swift */,
				040193122B346F2200B1CD50 /* Info.plist */,
			);
			path = NotiServiceExtension;
			sourceTree = "<group>";
		};
		B4B8A1BE46017CB7FB620000 /* Pods */ = {
			isa = PBXGroup;
			children = (
				C948C37AB5D79A6527ABD00E /* Pods-hello.debug.xcconfig */,
				8DB9927E4DCC043EDAA1EE6E /* Pods-hello.release.xcconfig */,
			);
			path = Pods;
			sourceTree = "<group>";
		};
/* End PBXGroup section */

/* Begin PBXNativeTarget section */
		040192E82B3424D800B1CD50 /* hello */ = {
			isa = PBXNativeTarget;
			buildConfigurationList = 040192FD2B3424D900B1CD50 /* Build configuration list for PBXNativeTarget "hello" */;
			buildPhases = (
				6183958CFCDE7CC03E7C84E2 /* [CP] Check Pods Manifest.lock */,
				040192E52B3424D800B1CD50 /* Sources */,
				040192E62B3424D800B1CD50 /* Frameworks */,
				040192E72B3424D800B1CD50 /* Resources */,
				040193072B346B4900B1CD50 /* Embed Frameworks */,
				040193192B346F2200B1CD50 /* Embed Foundation Extensions */,
				DEF5BEB3A1003FE7814ABE6E /* [CP] Embed Pods Frameworks */,
			);
			buildRules = (
			);
			dependencies = (
				040193142B346F2200B1CD50 /* PBXTargetDependency */,
			);
			name = hello;
			productName = hello;
			productReference = 040192E92B3424D800B1CD50 /* hello.app */;
			productType = "com.apple.product-type.application";
		};
		0401930D2B346F2200B1CD50 /* NotiServiceExtension */ = {
			isa = PBXNativeTarget;
			buildConfigurationList = 040193162B346F2200B1CD50 /* Build configuration list for PBXNativeTarget "NotiServiceExtension" */;
			buildPhases = (
				0401930A2B346F2200B1CD50 /* Sources */,
				0401930B2B346F2200B1CD50 /* Frameworks */,
				0401930C2B346F2200B1CD50 /* Resources */,
			);
			buildRules = (
			);
			dependencies = (
			);
			name = NotiServiceExtension;
			productName = NotiServiceExtension;
			productReference = 0401930E2B346F2200B1CD50 /* NotiServiceExtension.appex */;
			productType = "com.apple.product-type.app-extension";
		};
/* End PBXNativeTarget section */

/* Begin PBXProject section */
		040192E12B3424D800B1CD50 /* Project object */ = {
			isa = PBXProject;
			attributes = {
				BuildIndependentTargetsInParallel = 1;
				LastSwiftUpdateCheck = 1430;
				LastUpgradeCheck = 1430;
				TargetAttributes = {
					040192E82B3424D800B1CD50 = {
						CreatedOnToolsVersion = 14.3;
					};
					0401930D2B346F2200B1CD50 = {
						CreatedOnToolsVersion = 14.3;
					};
				};
			};
			buildConfigurationList = 040192E42B3424D800B1CD50 /* Build configuration list for PBXProject "hello" */;
			compatibilityVersion = "Xcode 14.0";
			developmentRegion = en;
			hasScannedForEncodings = 0;
			knownRegions = (
				en,
				Base,
			);
			mainGroup = 040192E02B3424D800B1CD50;
			productRefGroup = 040192EA2B3424D800B1CD50 /* Products */;
			projectDirPath = "";
			projectRoot = "";
			targets = (
				040192E82B3424D800B1CD50 /* hello */,
				0401930D2B346F2200B1CD50 /* NotiServiceExtension */,
			);
		};
/* End PBXProject section */

/* Begin PBXResourcesBuildPhase section */
		040192E72B3424D800B1CD50 /* Resources */ = {
			isa = PBXResourcesBuildPhase;
			buildActionMask = 2147483647;
			files = (
				040192F92B3424D900B1CD50 /* LaunchScreen.storyboard in Resources */,
				040192F62B3424D900B1CD50 /* Assets.xcassets in Resources */,
				040192F42B3424D800B1CD50 /* Main.storyboard in Resources */,
			);
			runOnlyForDeploymentPostprocessing = 0;
		};
		0401930C2B346F2200B1CD50 /* Resources */ = {
			isa = PBXResourcesBuildPhase;
			buildActionMask = 2147483647;
			files = (
			);
			runOnlyForDeploymentPostprocessing = 0;
		};
/* End PBXResourcesBuildPhase section */

/* Begin PBXShellScriptBuildPhase section */
		6183958CFCDE7CC03E7C84E2 /* [CP] Check Pods Manifest.lock */ = {
			isa = PBXShellScriptBuildPhase;
			buildActionMask = 2147483647;
			files = (
			);
			inputFileListPaths = (
			);
			inputPaths = (
				"${PODS_PODFILE_DIR_PATH}/Podfile.lock",
				"${PODS_ROOT}/Manifest.lock",
			);
			name = "[CP] Check Pods Manifest.lock";
			outputFileListPaths = (
			);
			outputPaths = (
				"$(DERIVED_FILE_DIR)/Pods-hello-checkManifestLockResult.txt",
			);
			runOnlyForDeploymentPostprocessing = 0;
			shellPath = /bin/sh;
			shellScript = "diff \"${PODS_PODFILE_DIR_PATH}/Podfile.lock\" \"${PODS_ROOT}/Manifest.lock\" > /dev/null\nif [ $? != 0 ] ; then\n    # print error to STDERR\n    echo \"error: The sandbox is not in sync with the Podfile.lock. Run 'pod install' or update your CocoaPods installation.\" >&2\n    exit 1\nfi\n# This output is used by Xcode 'outputs' to avoid re-running this script phase.\necho \"SUCCESS\" > \"${SCRIPT_OUTPUT_FILE_0}\"\n";
			showEnvVarsInLog = 0;
		};
		DEF5BEB3A1003FE7814ABE6E /* [CP] Embed Pods Frameworks */ = {
			isa = PBXShellScriptBuildPhase;
			buildActionMask = 2147483647;
			files = (
			);
			inputFileListPaths = (
				"${PODS_ROOT}/Target Support Files/Pods-hello/Pods-hello-frameworks-${CONFIGURATION}-input-files.xcfilelist",
			);
			name = "[CP] Embed Pods Frameworks";
			outputFileListPaths = (
				"${PODS_ROOT}/Target Support Files/Pods-hello/Pods-hello-frameworks-${CONFIGURATION}-output-files.xcfilelist",
			);
			runOnlyForDeploymentPostprocessing = 0;
			shellPath = /bin/sh;
			shellScript = "\"${PODS_ROOT}/Target Support Files/Pods-hello/Pods-hello-frameworks.sh\"\n";
			showEnvVarsInLog = 0;
		};
/* End PBXShellScriptBuildPhase section */

/* Begin PBXSourcesBuildPhase section */
		040192E52B3424D800B1CD50 /* Sources */ = {
			isa = PBXSourcesBuildPhase;
			buildActionMask = 2147483647;
			files = (
				040192F12B3424D800B1CD50 /* ViewController.swift in Sources */,
				040192ED2B3424D800B1CD50 /* AppDelegate.swift in Sources */,
				040192EF2B3424D800B1CD50 /* SceneDelegate.swift in Sources */,
			);
			runOnlyForDeploymentPostprocessing = 0;
		};
		0401930A2B346F2200B1CD50 /* Sources */ = {
			isa = PBXSourcesBuildPhase;
			buildActionMask = 2147483647;
			files = (
				040193112B346F2200B1CD50 /* NotificationService.swift in Sources */,
			);
			runOnlyForDeploymentPostprocessing = 0;
		};
/* End PBXSourcesBuildPhase section */

/* Begin PBXTargetDependency section */
		040193142B346F2200B1CD50 /* PBXTargetDependency */ = {
			isa = PBXTargetDependency;
			target = 0401930D2B346F2200B1CD50 /* NotiServiceExtension */;
			targetProxy = 040193132B346F2200B1CD50 /* PBXContainerItemProxy */;
		};
/* End PBXTargetDependency section */

/* Begin PBXVariantGroup section */
		040192F22B3424D800B1CD50 /* Main.storyboard */ = {
			isa = PBXVariantGroup;
			children = (
				040192F32B3424D800B1CD50 /* Base */,
			);
			name = Main.storyboard;
			sourceTree = "<group>";
		};
		040192F72B3424D900B1CD50 /* LaunchScreen.storyboard */ = {
			isa = PBXVariantGroup;
			children = (
				040192F82B3424D900B1CD50 /* Base */,
			);
			name = LaunchScreen.storyboard;
			sourceTree = "<group>";
		};
/* End PBXVariantGroup section */

/* Begin XCBuildConfiguration section */
		040192FB2B3424D900B1CD50 /* Debug */ = {
			isa = XCBuildConfiguration;
			buildSettings = {
				ALWAYS_SEARCH_USER_PATHS = NO;
				CLANG_ANALYZER_NONNULL = YES;
				CLANG_ANALYZER_NUMBER_OBJECT_CONVERSION = YES_AGGRESSIVE;
				CLANG_CXX_LANGUAGE_STANDARD = "gnu++20";
				CLANG_ENABLE_MODULES = YES;
				CLANG_ENABLE_OBJC_ARC = YES;
				CLANG_ENABLE_OBJC_WEAK = YES;
				CLANG_WARN_BLOCK_CAPTURE_AUTORELEASING = YES;
				CLANG_WARN_BOOL_CONVERSION = YES;
				CLANG_WARN_COMMA = YES;
				CLANG_WARN_CONSTANT_CONVERSION = YES;
				CLANG_WARN_DEPRECATED_OBJC_IMPLEMENTATIONS = YES;
				CLANG_WARN_DIRECT_OBJC_ISA_USAGE = YES_ERROR;
				CLANG_WARN_DOCUMENTATION_COMMENTS = YES;
				CLANG_WARN_EMPTY_BODY = YES;
				CLANG_WARN_ENUM_CONVERSION = YES;
				CLANG_WARN_INFINITE_RECURSION = YES;
				CLANG_WARN_INT_CONVERSION = YES;
				CLANG_WARN_NON_LITERAL_NULL_CONVERSION = YES;
				CLANG_WARN_OBJC_IMPLICIT_RETAIN_SELF = YES;
				CLANG_WARN_OBJC_LITERAL_CONVERSION = YES;
				CLANG_WARN_OBJC_ROOT_CLASS = YES_ERROR;
				CLANG_WARN_QUOTED_INCLUDE_IN_FRAMEWORK_HEADER = YES;
				CLANG_WARN_RANGE_LOOP_ANALYSIS = YES;
				CLANG_WARN_STRICT_PROTOTYPES = YES;
				CLANG_WARN_SUSPICIOUS_MOVE = YES;
				CLANG_WARN_UNGUARDED_AVAILABILITY = YES_AGGRESSIVE;
				CLANG_WARN_UNREACHABLE_CODE = YES;
				CLANG_WARN__DUPLICATE_METHOD_MATCH = YES;
				COPY_PHASE_STRIP = NO;
				DEBUG_INFORMATION_FORMAT = dwarf;
				ENABLE_STRICT_OBJC_MSGSEND = YES;
				ENABLE_TESTABILITY = YES;
				GCC_C_LANGUAGE_STANDARD = gnu11;
				GCC_DYNAMIC_NO_PIC = NO;
				GCC_NO_COMMON_BLOCKS = YES;
				GCC_OPTIMIZATION_LEVEL = 0;
				GCC_PREPROCESSOR_DEFINITIONS = (
					"DEBUG=1",
					"$(inherited)",
				);
				GCC_WARN_64_TO_32_BIT_CONVERSION = YES;
				GCC_WARN_ABOUT_RETURN_TYPE = YES_ERROR;
				GCC_WARN_UNDECLARED_SELECTOR = YES;
				GCC_WARN_UNINITIALIZED_AUTOS = YES_AGGRESSIVE;
				GCC_WARN_UNUSED_FUNCTION = YES;
				GCC_WARN_UNUSED_VARIABLE = YES;
				IPHONEOS_DEPLOYMENT_TARGET = 16.4;
				MTL_ENABLE_DEBUG_INFO = INCLUDE_SOURCE;
				MTL_FAST_MATH = YES;
				ONLY_ACTIVE_ARCH = YES;
				SDKROOT = iphoneos;
				SWIFT_ACTIVE_COMPILATION_CONDITIONS = DEBUG;
				SWIFT_OPTIMIZATION_LEVEL = "-Onone";
			};
			name = Debug;
		};
		040192FC2B3424D900B1CD50 /* Release */ = {
			isa = XCBuildConfiguration;
			buildSettings = {
				ALWAYS_SEARCH_USER_PATHS = NO;
				CLANG_ANALYZER_NONNULL = YES;
				CLANG_ANALYZER_NUMBER_OBJECT_CONVERSION = YES_AGGRESSIVE;
				CLANG_CXX_LANGUAGE_STANDARD = "gnu++20";
				CLANG_ENABLE_MODULES = YES;
				CLANG_ENABLE_OBJC_ARC = YES;
				CLANG_ENABLE_OBJC_WEAK = YES;
				CLANG_WARN_BLOCK_CAPTURE_AUTORELEASING = YES;
				CLANG_WARN_BOOL_CONVERSION = YES;
				CLANG_WARN_COMMA = YES;
				CLANG_WARN_CONSTANT_CONVERSION = YES;
				CLANG_WARN_DEPRECATED_OBJC_IMPLEMENTATIONS = YES;
				CLANG_WARN_DIRECT_OBJC_ISA_USAGE = YES_ERROR;
				CLANG_WARN_DOCUMENTATION_COMMENTS = YES;
				CLANG_WARN_EMPTY_BODY = YES;
				CLANG_WARN_ENUM_CONVERSION = YES;
				CLANG_WARN_INFINITE_RECURSION = YES;
				CLANG_WARN_INT_CONVERSION = YES;
				CLANG_WARN_NON_LITERAL_NULL_CONVERSION = YES;
				CLANG_WARN_OBJC_IMPLICIT_RETAIN_SELF = YES;
				CLANG_WARN_OBJC_LITERAL_CONVERSION = YES;
				CLANG_WARN_OBJC_ROOT_CLASS = YES_ERROR;
				CLANG_WARN_QUOTED_INCLUDE_IN_FRAMEWORK_HEADER = YES;
				CLANG_WARN_RANGE_LOOP_ANALYSIS = YES;
				CLANG_WARN_STRICT_PROTOTYPES = YES;
				CLANG_WARN_SUSPICIOUS_MOVE = YES;
				CLANG_WARN_UNGUARDED_AVAILABILITY = YES_AGGRESSIVE;
				CLANG_WARN_UNREACHABLE_CODE = YES;
				CLANG_WARN__DUPLICATE_METHOD_MATCH = YES;
				COPY_PHASE_STRIP = NO;
				DEBUG_INFORMATION_FORMAT = "dwarf-with-dsym";
				ENABLE_NS_ASSERTIONS = NO;
				ENABLE_STRICT_OBJC_MSGSEND = YES;
				GCC_C_LANGUAGE_STANDARD = gnu11;
				GCC_NO_COMMON_BLOCKS = YES;
				GCC_WARN_64_TO_32_BIT_CONVERSION = YES;
				GCC_WARN_ABOUT_RETURN_TYPE = YES_ERROR;
				GCC_WARN_UNDECLARED_SELECTOR = YES;
				GCC_WARN_UNINITIALIZED_AUTOS = YES_AGGRESSIVE;
				GCC_WARN_UNUSED_FUNCTION = YES;
				GCC_WARN_UNUSED_VARIABLE = YES;
				IPHONEOS_DEPLOYMENT_TARGET = 16.4;
				MTL_ENABLE_DEBUG_INFO = NO;
				MTL_FAST_MATH = YES;
				SDKROOT = iphoneos;
				SWIFT_COMPILATION_MODE = wholemodule;
				SWIFT_OPTIMIZATION_LEVEL = "-O";
				VALIDATE_PRODUCT = YES;
			};
			name = Release;
		};
		040192FE2B3424D900B1CD50 /* Debug */ = {
			isa = XCBuildConfiguration;
			baseConfigurationReference = C948C37AB5D79A6527ABD00E /* Pods-hello.debug.xcconfig */;
			buildSettings = {
				ALWAYS_EMBED_SWIFT_STANDARD_LIBRARIES = YES;
				ASSETCATALOG_COMPILER_APPICON_NAME = AppIcon;
				ASSETCATALOG_COMPILER_GLOBAL_ACCENT_COLOR_NAME = AccentColor;
				CODE_SIGN_ENTITLEMENTS = hello/hello.entitlements;
				CODE_SIGN_STYLE = Automatic;
				CURRENT_PROJECT_VERSION = 1;
				DEVELOPMENT_TEAM = 56AQ6CM687;
				FRAMEWORK_SEARCH_PATHS = (
					"$(inherited)",
					"$(PROJECT_DIR)",
					"$(PROJECT_DIR)/Frameworks",
				);
				GENERATE_INFOPLIST_FILE = YES;
				INFOPLIST_FILE = hello/Info.plist;
				INFOPLIST_KEY_UIApplicationSupportsIndirectInputEvents = YES;
				INFOPLIST_KEY_UILaunchStoryboardName = LaunchScreen;
				INFOPLIST_KEY_UIMainStoryboardFile = Main;
				INFOPLIST_KEY_UISupportedInterfaceOrientations_iPad = "UIInterfaceOrientationPortrait UIInterfaceOrientationPortraitUpsideDown UIInterfaceOrientationLandscapeLeft UIInterfaceOrientationLandscapeRight";
				INFOPLIST_KEY_UISupportedInterfaceOrientations_iPhone = "UIInterfaceOrientationPortrait UIInterfaceOrientationLandscapeLeft UIInterfaceOrientationLandscapeRight";
				IPHONEOS_DEPLOYMENT_TARGET = 14.0;
				LD_RUNPATH_SEARCH_PATHS = (
					"$(inherited)",
					"@executable_path/Frameworks",
				);
				MARKETING_VERSION = 1.0;
				PRODUCT_BUNDLE_IDENTIFIER = com.rationalowl.hello;
				PRODUCT_NAME = "$(TARGET_NAME)";
				SWIFT_EMIT_LOC_STRINGS = YES;
				SWIFT_VERSION = 5.0;
				TARGETED_DEVICE_FAMILY = "1,2";
			};
			name = Debug;
		};
		040192FF2B3424D900B1CD50 /* Release */ = {
			isa = XCBuildConfiguration;
			baseConfigurationReference = 8DB9927E4DCC043EDAA1EE6E /* Pods-hello.release.xcconfig */;
			buildSettings = {
				ALWAYS_EMBED_SWIFT_STANDARD_LIBRARIES = YES;
				ASSETCATALOG_COMPILER_APPICON_NAME = AppIcon;
				ASSETCATALOG_COMPILER_GLOBAL_ACCENT_COLOR_NAME = AccentColor;
				CODE_SIGN_ENTITLEMENTS = hello/hello.entitlements;
				CODE_SIGN_STYLE = Automatic;
				CURRENT_PROJECT_VERSION = 1;
				DEVELOPMENT_TEAM = 56AQ6CM687;
				FRAMEWORK_SEARCH_PATHS = (
					"$(inherited)",
					"$(PROJECT_DIR)",
					"$(PROJECT_DIR)/Frameworks",
				);
				GENERATE_INFOPLIST_FILE = YES;
				INFOPLIST_FILE = hello/Info.plist;
				INFOPLIST_KEY_UIApplicationSupportsIndirectInputEvents = YES;
				INFOPLIST_KEY_UILaunchStoryboardName = LaunchScreen;
				INFOPLIST_KEY_UIMainStoryboardFile = Main;
				INFOPLIST_KEY_UISupportedInterfaceOrientations_iPad = "UIInterfaceOrientationPortrait UIInterfaceOrientationPortraitUpsideDown UIInterfaceOrientationLandscapeLeft UIInterfaceOrientationLandscapeRight";
				INFOPLIST_KEY_UISupportedInterfaceOrientations_iPhone = "UIInterfaceOrientationPortrait UIInterfaceOrientationLandscapeLeft UIInterfaceOrientationLandscapeRight";
				IPHONEOS_DEPLOYMENT_TARGET = 14.0;
				LD_RUNPATH_SEARCH_PATHS = (
					"$(inherited)",
					"@executable_path/Frameworks",
				);
				MARKETING_VERSION = 1.0;
				PRODUCT_BUNDLE_IDENTIFIER = com.rationalowl.hello;
				PRODUCT_NAME = "$(TARGET_NAME)";
				SWIFT_EMIT_LOC_STRINGS = YES;
				SWIFT_VERSION = 5.0;
				TARGETED_DEVICE_FAMILY = "1,2";
			};
			name = Release;
		};
		040193172B346F2200B1CD50 /* Debug */ = {
			isa = XCBuildConfiguration;
			buildSettings = {
				CODE_SIGN_ENTITLEMENTS = NotiServiceExtension/NotiServiceExtension.entitlements;
				CODE_SIGN_STYLE = Automatic;
				CURRENT_PROJECT_VERSION = 1;
				DEVELOPMENT_TEAM = 56AQ6CM687;
				FRAMEWORK_SEARCH_PATHS = (
					"$(inherited)",
					"$(PROJECT_DIR)/Frameworks",
				);
				GENERATE_INFOPLIST_FILE = YES;
				INFOPLIST_FILE = NotiServiceExtension/Info.plist;
				INFOPLIST_KEY_CFBundleDisplayName = NotiServiceExtension;
				INFOPLIST_KEY_NSHumanReadableCopyright = "";
				LD_RUNPATH_SEARCH_PATHS = (
					"$(inherited)",
					"@executable_path/Frameworks",
					"@executable_path/../../Frameworks",
				);
				MARKETING_VERSION = 1.0;
				PRODUCT_BUNDLE_IDENTIFIER = com.rationalowl.hello.NotiServiceExtension;
				PRODUCT_NAME = "$(TARGET_NAME)";
				SKIP_INSTALL = YES;
				SWIFT_EMIT_LOC_STRINGS = YES;
				SWIFT_VERSION = 5.0;
				TARGETED_DEVICE_FAMILY = "1,2";
			};
			name = Debug;
		};
		040193182B346F2200B1CD50 /* Release */ = {
			isa = XCBuildConfiguration;
			buildSettings = {
				CODE_SIGN_ENTITLEMENTS = NotiServiceExtension/NotiServiceExtension.entitlements;
				CODE_SIGN_STYLE = Automatic;
				CURRENT_PROJECT_VERSION = 1;
				DEVELOPMENT_TEAM = 56AQ6CM687;
				FRAMEWORK_SEARCH_PATHS = (
					"$(inherited)",
					"$(PROJECT_DIR)/Frameworks",
				);
				GENERATE_INFOPLIST_FILE = YES;
				INFOPLIST_FILE = NotiServiceExtension/Info.plist;
				INFOPLIST_KEY_CFBundleDisplayName = NotiServiceExtension;
				INFOPLIST_KEY_NSHumanReadableCopyright = "";
				LD_RUNPATH_SEARCH_PATHS = (
					"$(inherited)",
					"@executable_path/Frameworks",
					"@executable_path/../../Frameworks",
				);
				MARKETING_VERSION = 1.0;
				PRODUCT_BUNDLE_IDENTIFIER = com.rationalowl.hello.NotiServiceExtension;
				PRODUCT_NAME = "$(TARGET_NAME)";
				SKIP_INSTALL = YES;
				SWIFT_EMIT_LOC_STRINGS = YES;
				SWIFT_VERSION = 5.0;
				TARGETED_DEVICE_FAMILY = "1,2";
			};
			name = Release;
		};
/* End XCBuildConfiguration section */

/* Begin XCConfigurationList section */
		040192E42B3424D800B1CD50 /* Build configuration list for PBXProject "hello" */ = {
			isa = XCConfigurationList;
			buildConfigurations = (
				040192FB2B3424D900B1CD50 /* Debug */,
				040192FC2B3424D900B1CD50 /* Release */,
			);
			defaultConfigurationIsVisible = 0;
			defaultConfigurationName = Release;
		};
		040192FD2B3424D900B1CD50 /* Build configuration list for PBXNativeTarget "hello" */ = {
			isa = XCConfigurationList;
			buildConfigurations = (
				040192FE2B3424D900B1CD50 /* Debug */,
				040192FF2B3424D900B1CD50 /* Release */,
			);
			defaultConfigurationIsVisible = 0;
			defaultConfigurationName = Release;
		};
		040193162B346F2200B1CD50 /* Build configuration list for PBXNativeTarget "NotiServiceExtension" */ = {
			isa = XCConfigurationList;
			buildConfigurations = (
				040193172B346F2200B1CD50 /* Debug */,
				040193182B346F2200B1CD50 /* Release */,
			);
			defaultConfigurationIsVisible = 0;
			defaultConfigurationName = Release;
		};
/* End XCConfigurationList section */
	};
	rootObject = 040192E12B3424D800B1CD50 /* Project object */;
}
